
Microsoft Visual Studio Solution File, Format Version 12.00
# Visual Studio Version 17
Project("{8BC9CEB8-8B4A-11D0-8D11-00A0C91BC942}") = "ALL_BUILD", "ALL_BUILD.vcxproj", "{6A720125-80F4-39E8-A084-3FF65DECF910}"
	ProjectSection(ProjectDependencies) = postProject
		{E3AC2E2F-2DAB-37A3-964E-2429CCA08543} = {E3AC2E2F-2DAB-37A3-964E-2429CCA08543}
		{11EB84CA-CA69-34F2-B6E6-06A8870373DA} = {11EB84CA-CA69-34F2-B6E6-06A8870373DA}
	EndProjectSection
EndProject
Project("{8BC9CEB8-8B4A-11D0-8D11-00A0C91BC942}") = "INSTALL", "INSTALL.vcxproj", "{5F99C7F9-8995-3D68-A8CE-355097879E27}"
	ProjectSection(ProjectDependencies) = postProject
		{6A720125-80F4-39E8-A084-3FF65DECF910} = {6A720125-80F4-39E8-A084-3FF65DECF910}
		{E3AC2E2F-2DAB-37A3-964E-2429CCA08543} = {E3AC2E2F-2DAB-37A3-964E-2429CCA08543}
	EndProjectSection
EndProject
Project("{8BC9CEB8-8B4A-11D0-8D11-00A0C91BC942}") = "ZERO_CHECK", "..\..\\ZERO_CHECK.vcxproj", "{E3AC2E2F-2DAB-37A3-964E-2429CCA08543}"
	ProjectSection(ProjectDependencies) = postProject
	EndProjectSection
EndProject
Project("{8BC9CEB8-8B4A-11D0-8D11-00A0C91BC942}") = "flutter_assemble", "..\..\flutter\flutter_assemble.vcxproj", "{C784C8F6-BE68-3ED0-B6B5-2EBB38457992}"
	ProjectSection(ProjectDependencies) = postProject
		{E3AC2E2F-2DAB-37A3-964E-2429CCA08543} = {E3AC2E2F-2DAB-37A3-964E-2429CCA08543}
	EndProjectSection
EndProject
Project("{8BC9CEB8-8B4A-11D0-8D11-00A0C91BC942}") = "flutter_wrapper_plugin", "..\..\flutter\flutter_wrapper_plugin.vcxproj", "{6C928E37-BCD2-3B7E-84BD-CF4A995993E0}"
	ProjectSection(ProjectDependencies) = postProject
		{E3AC2E2F-2DAB-37A3-964E-2429CCA08543} = {E3AC2E2F-2DAB-37A3-964E-2429CCA08543}
		{C784C8F6-BE68-3ED0-B6B5-2EBB38457992} = {C784C8F6-BE68-3ED0-B6B5-2EBB38457992}
	EndProjectSection
EndProject
Project("{8BC9CEB8-8B4A-11D0-8D11-00A0C91BC942}") = "url_launcher_windows_plugin", "url_launcher_windows_plugin.vcxproj", "{11EB84CA-CA69-34F2-B6E6-06A8870373DA}"
	ProjectSection(ProjectDependencies) = postProject
		{E3AC2E2F-2DAB-37A3-964E-2429CCA08543} = {E3AC2E2F-2DAB-37A3-964E-2429CCA08543}
		{C784C8F6-BE68-3ED0-B6B5-2EBB38457992} = {C784C8F6-BE68-3ED0-B6B5-2EBB38457992}
		{6C928E37-BCD2-3B7E-84BD-CF4A995993E0} = {6C928E37-BCD2-3B7E-84BD-CF4A995993E0}
	EndProjectSection
EndProject
Global
	GlobalSection(SolutionConfigurationPlatforms) = preSolution
		Debug|x64 = Debug|x64
		Profile|x64 = Profile|x64
		Release|x64 = Release|x64
	EndGlobalSection
	GlobalSection(ProjectConfigurationPlatforms) = postSolution
		{6A720125-80F4-39E8-A084-3FF65DECF910}.Debug|x64.ActiveCfg = Debug|x64
		{6A720125-80F4-39E8-A084-3FF65DECF910}.Debug|x64.Build.0 = Debug|x64
		{6A720125-80F4-39E8-A084-3FF65DECF910}.Profile|x64.ActiveCfg = Profile|x64
		{6A720125-80F4-39E8-A084-3FF65DECF910}.Profile|x64.Build.0 = Profile|x64
		{6A720125-80F4-39E8-A084-3FF65DECF910}.Release|x64.ActiveCfg = Release|x64
		{6A720125-80F4-39E8-A084-3FF65DECF910}.Release|x64.Build.0 = Release|x64
		{5F99C7F9-8995-3D68-A8CE-355097879E27}.Debug|x64.ActiveCfg = Debug|x64
		{5F99C7F9-8995-3D68-A8CE-355097879E27}.Profile|x64.ActiveCfg = Profile|x64
		{5F99C7F9-8995-3D68-A8CE-355097879E27}.Release|x64.ActiveCfg = Release|x64
		{E3AC2E2F-2DAB-37A3-964E-2429CCA08543}.Debug|x64.ActiveCfg = Debug|x64
		{E3AC2E2F-2DAB-37A3-964E-2429CCA08543}.Debug|x64.Build.0 = Debug|x64
		{E3AC2E2F-2DAB-37A3-964E-2429CCA08543}.Profile|x64.ActiveCfg = Profile|x64
		{E3AC2E2F-2DAB-37A3-964E-2429CCA08543}.Profile|x64.Build.0 = Profile|x64
		{E3AC2E2F-2DAB-37A3-964E-2429CCA08543}.Release|x64.ActiveCfg = Release|x64
		{E3AC2E2F-2DAB-37A3-964E-2429CCA08543}.Release|x64.Build.0 = Release|x64
		{C784C8F6-BE68-3ED0-B6B5-2EBB38457992}.Debug|x64.ActiveCfg = Debug|x64
		{C784C8F6-BE68-3ED0-B6B5-2EBB38457992}.Debug|x64.Build.0 = Debug|x64
		{C784C8F6-BE68-3ED0-B6B5-2EBB38457992}.Profile|x64.ActiveCfg = Profile|x64
		{C784C8F6-BE68-3ED0-B6B5-2EBB38457992}.Profile|x64.Build.0 = Profile|x64
		{C784C8F6-BE68-3ED0-B6B5-2EBB38457992}.Release|x64.ActiveCfg = Release|x64
		{C784C8F6-BE68-3ED0-B6B5-2EBB38457992}.Release|x64.Build.0 = Release|x64
		{6C928E37-BCD2-3B7E-84BD-CF4A995993E0}.Debug|x64.ActiveCfg = Debug|x64
		{6C928E37-BCD2-3B7E-84BD-CF4A995993E0}.Debug|x64.Build.0 = Debug|x64
		{6C928E37-BCD2-3B7E-84BD-CF4A995993E0}.Profile|x64.ActiveCfg = Profile|x64
		{6C928E37-BCD2-3B7E-84BD-CF4A995993E0}.Profile|x64.Build.0 = Profile|x64
		{6C928E37-BCD2-3B7E-84BD-CF4A995993E0}.Release|x64.ActiveCfg = Release|x64
		{6C928E37-BCD2-3B7E-84BD-CF4A995993E0}.Release|x64.Build.0 = Release|x64
		{11EB84CA-CA69-34F2-B6E6-06A8870373DA}.Debug|x64.ActiveCfg = Debug|x64
		{11EB84CA-CA69-34F2-B6E6-06A8870373DA}.Debug|x64.Build.0 = Debug|x64
		{11EB84CA-CA69-34F2-B6E6-06A8870373DA}.Profile|x64.ActiveCfg = Profile|x64
		{11EB84CA-CA69-34F2-B6E6-06A8870373DA}.Profile|x64.Build.0 = Profile|x64
		{11EB84CA-CA69-34F2-B6E6-06A8870373DA}.Release|x64.ActiveCfg = Release|x64
		{11EB84CA-CA69-34F2-B6E6-06A8870373DA}.Release|x64.Build.0 = Release|x64
	EndGlobalSection
	GlobalSection(ExtensibilityGlobals) = postSolution
		SolutionGuid = {CD96C5DA-182C-3562-823B-7DB9F31D7F24}
	EndGlobalSection
	GlobalSection(ExtensibilityAddIns) = postSolution
	EndGlobalSection
EndGlobal
